
Microsoft Visual Studio Solution File, Format Version 12.00
# Visual Studio Version 17
VisualStudioVersion = 17.0.31903.59
MinimumVisualStudioVersion = 10.0.40219.1
Project("{FAE04EC0-301F-11D3-BF4B-00C04F79EFBC}") = "Azure.Photo.Api", "Azure.Photo.Api\Azure.Photo.Api.csproj", "{7AEBA0E9-3738-4882-8880-CFD6B32EEAF3}"
EndProject
Global
	GlobalSection(SolutionConfigurationPlatforms) = preSolution
		Debug|Any CPU = Debug|Any CPU
		Release|Any CPU = Release|Any CPU
	EndGlobalSection
	GlobalSection(SolutionProperties) = preSolution
		HideSolutionNode = FALSE
	EndGlobalSection
	GlobalSection(ProjectConfigurationPlatforms) = postSolution
		{7AEBA0E9-3738-4882-8880-CFD6B32EEAF3}.Debug|Any CPU.ActiveCfg = Debug|Any CPU
		{7AEBA0E9-3738-4882-8880-CFD6B32EEAF3}.Debug|Any CPU.Build.0 = Debug|Any CPU
		{7AEBA0E9-3738-4882-8880-CFD6B32EEAF3}.Release|Any CPU.ActiveCfg = Release|Any CPU
		{7AEBA0E9-3738-4882-8880-CFD6B32EEAF3}.Release|Any CPU.Build.0 = Release|Any CPU
	EndGlobalSection
EndGlobal
